{
    "_meta": {
        "hash": {
            "sha256": "40bc7c3a5e2acc0900532264e0589e76e385be5cbcc533b28c48f7740e81b1f3"
        },
        "pipfile-spec": 6,
        "requires": {
            "python_version": "3.10"
        },
        "sources": [
            {
                "name": "pypi",
                "url": "https://pypi.org/simple",
                "verify_ssl": true
            }
        ]
    },
    "default": {
        "z3-solver": {
            "hashes": [
                "sha256:03ce2639eced8a4d4bd432ebab15a6b1cb36119ba6a2854c01768ee2cd596c37",
                "sha256:50011e915e97c4d262a010ea0403081b2af71c8474b27c53185407beb30b6ac7",
                "sha256:6ffffdb41d714b6683cd87d8cf7eaa0e94eb40a6d5eca3636cb90a95d4e6760e",
                "sha256:956daa69d3c7017f704c64d11c9ed880e06f177923e9af695a03034fc0e2e36d",
                "sha256:f692c87437be8d585ebca124355cd6488d60331289f6bbebbde65cd497205128",
                "sha256:fbd7faea88bd32e6ba362913d1108d0bcb298df57154538a9bb2684757c35d0b"
            ],
            "index": "pypi",
            "version": "==4.12.4.0"
        }
    },
    "develop": {}
}
